
Microsoft Visual Studio Solution File, Format Version 12.00
# Visual Studio Version 17
VisualStudioVersion = 17.3.32811.315
MinimumVisualStudioVersion = 10.0.40219.1
Project("{2150E333-8FDC-42A3-9474-1A3956D46DE8}") = "src", "src", "{45CF4C7D-BE51-4EAB-86E5-2728F83BA08A}"
EndProject
Project("{2150E333-8FDC-42A3-9474-1A3956D46DE8}") = "test", "test", "{2DEA11BA-BFF6-4DE5-A86B-BA4F467C7B7E}"
EndProject
Project("{FAE04EC0-301F-11D3-BF4B-00C04F79EFBC}") = "Bookify.Domain", "Bookify.Domain\Bookify.Domain.csproj", "{8062C29A-6679-4AB7-A30A-982C0B811684}"
EndProject
Global
	GlobalSection(SolutionConfigurationPlatforms) = preSolution
		Debug|Any CPU = Debug|Any CPU
		Release|Any CPU = Release|Any CPU
	EndGlobalSection
	GlobalSection(ProjectConfigurationPlatforms) = postSolution
		{8062C29A-6679-4AB7-A30A-982C0B811684}.Debug|Any CPU.ActiveCfg = Debug|Any CPU
		{8062C29A-6679-4AB7-A30A-982C0B811684}.Debug|Any CPU.Build.0 = Debug|Any CPU
		{8062C29A-6679-4AB7-A30A-982C0B811684}.Release|Any CPU.ActiveCfg = Release|Any CPU
		{8062C29A-6679-4AB7-A30A-982C0B811684}.Release|Any CPU.Build.0 = Release|Any CPU
	EndGlobalSection
	GlobalSection(SolutionProperties) = preSolution
		HideSolutionNode = FALSE
	EndGlobalSection
	GlobalSection(NestedProjects) = preSolution
		{8062C29A-6679-4AB7-A30A-982C0B811684} = {45CF4C7D-BE51-4EAB-86E5-2728F83BA08A}
	EndGlobalSection
	GlobalSection(ExtensibilityGlobals) = postSolution
		SolutionGuid = {7AE9388C-2DEB-44E2-BEB7-B5827305B332}
	EndGlobalSection
EndGlobal
